{
  "nodes": {
    "calendar-proxy": {
      "inputs": {
        "flake-utils": [
          "flake-utils"
        ],
        "nixpkgs": [
          "nixpkgs"
        ]
      },
      "locked": {
        "lastModified": 1762246303,
        "narHash": "sha256-EJLZUBADjSD1qGldnHddVQx9af40WuZJv1rX65cZMa0=",
        "owner": "billy4479",
        "repo": "calendar-proxy",
        "rev": "79647f7ee87b96c83c12bb32edf284686c846660",
        "type": "github"
      },
      "original": {
        "owner": "billy4479",
        "repo": "calendar-proxy",
        "type": "github"
      }
    },
    "flake-utils": {
      "inputs": {
        "systems": "systems"
      },
      "locked": {
        "lastModified": 1731533236,
        "narHash": "sha256-l0KFg5HjrsfsO/JpG+r7fRrqm12kzFHyUHqHCVpMMbI=",
        "owner": "numtide",
        "repo": "flake-utils",
        "rev": "11707dc2f618dd54ca8739b309ec4fc024de578b",
        "type": "github"
      },
      "original": {
        "owner": "numtide",
        "repo": "flake-utils",
        "type": "github"
      }
    },
    "mc-runner": {
      "inputs": {
        "flake-utils": [
          "flake-utils"
        ],
        "nixpkgs": [
          "nixpkgs"
        ]
      },
      "locked": {
        "lastModified": 1766853937,
        "narHash": "sha256-6w2OblD6t5eDqRoJz/diMjaWQVhv2muFeVQ0g+KZns0=",
        "owner": "billy4479",
        "repo": "mc-runner",
        "rev": "dcc693edac186ef22806a97605368f787cc5903c",
        "type": "github"
      },
      "original": {
        "owner": "billy4479",
        "repo": "mc-runner",
        "type": "github"
      }
    },
    "nixpkgs": {
      "locked": {
        "lastModified": 1766807290,
        "narHash": "sha256-7sgUQMKMDvpeu9cwE7mWJfP9N3wJduunmJ/s8LOd9nk=",
        "owner": "nixos",
        "repo": "nixpkgs",
        "rev": "4eec65df50d796a8fd9c146a09b5007916ce376b",
        "type": "github"
      },
      "original": {
        "owner": "nixos",
        "ref": "nixpkgs-unstable",
        "repo": "nixpkgs",
        "type": "github"
      }
    },
    "root": {
      "inputs": {
        "calendar-proxy": "calendar-proxy",
        "flake-utils": "flake-utils",
        "mc-runner": "mc-runner",
        "nixpkgs": "nixpkgs",
        "server-tool": "server-tool"
      }
    },
    "server-tool": {
      "inputs": {
        "flake-utils": [
          "flake-utils"
        ],
        "nixpkgs": [
          "nixpkgs"
        ]
      },
      "locked": {
        "lastModified": 1738607787,
        "narHash": "sha256-jbuJBOfXYQQGmrfZ/CitDrni9tRRp8UZNAjijwz48GQ=",
        "owner": "billy4479",
        "repo": "server-tool",
        "rev": "c980a1ac538a29721864469db0e01aad342aa8bf",
        "type": "github"
      },
      "original": {
        "owner": "billy4479",
        "repo": "server-tool",
        "type": "github"
      }
    },
    "systems": {
      "locked": {
        "lastModified": 1681028828,
        "narHash": "sha256-Vy1rq5AaRuLzOxct8nz4T6wlgyUR7zLU309k9mBC768=",
        "owner": "nix-systems",
        "repo": "default",
        "rev": "da67096a3b9bf56a91d16901293e51ba5b49a27e",
        "type": "github"
      },
      "original": {
        "owner": "nix-systems",
        "repo": "default",
        "type": "github"
      }
    }
  },
  "root": "root",
  "version": 7
}
