{
  "nodes": {
    "calendar-proxy": {
      "inputs": {
        "flake-utils": [
          "flake-utils"
        ],
        "nixpkgs": [
          "nixpkgs"
        ]
      },
      "locked": {
        "lastModified": 1768153641,
        "narHash": "sha256-rnKi2TUEs5foaSnoWwEGfsIgnfnrIrMSe00OGAe7aCI=",
        "owner": "billy4479",
        "repo": "calendar-proxy",
        "rev": "7a40c2484479ecf568714813558e076a77b53afc",
        "type": "github"
      },
      "original": {
        "owner": "billy4479",
        "repo": "calendar-proxy",
        "type": "github"
      }
    },
    "flake-utils": {
      "inputs": {
        "systems": "systems"
      },
      "locked": {
        "lastModified": 1731533236,
        "narHash": "sha256-l0KFg5HjrsfsO/JpG+r7fRrqm12kzFHyUHqHCVpMMbI=",
        "owner": "numtide",
        "repo": "flake-utils",
        "rev": "11707dc2f618dd54ca8739b309ec4fc024de578b",
        "type": "github"
      },
      "original": {
        "owner": "numtide",
        "repo": "flake-utils",
        "type": "github"
      }
    },
    "mc-runner": {
      "inputs": {
        "flake-utils": [
          "flake-utils"
        ],
        "nixpkgs": [
          "nixpkgs"
        ]
      },
      "locked": {
        "lastModified": 1768565846,
        "narHash": "sha256-i2sszs37gun1LoRmbwwwiJvicbcQeO+OWNjUgSlXMPE=",
        "owner": "billy4479",
        "repo": "mc-runner",
        "rev": "d188c83a916b5f64042d47859093073df7c2b630",
        "type": "github"
      },
      "original": {
        "owner": "billy4479",
        "repo": "mc-runner",
        "type": "github"
      }
    },
    "nixpkgs": {
      "locked": {
        "lastModified": 1768395095,
        "narHash": "sha256-ZhuYJbwbZT32QA95tSkXd9zXHcdZj90EzHpEXBMabaw=",
        "owner": "nixos",
        "repo": "nixpkgs",
        "rev": "13868c071cc73a5e9f610c47d7bb08e5da64fdd5",
        "type": "github"
      },
      "original": {
        "owner": "nixos",
        "ref": "nixpkgs-unstable",
        "repo": "nixpkgs",
        "type": "github"
      }
    },
    "root": {
      "inputs": {
        "calendar-proxy": "calendar-proxy",
        "flake-utils": "flake-utils",
        "mc-runner": "mc-runner",
        "nixpkgs": "nixpkgs",
        "server-tool": "server-tool"
      }
    },
    "server-tool": {
      "inputs": {
        "flake-utils": [
          "flake-utils"
        ],
        "nixpkgs": [
          "nixpkgs"
        ]
      },
      "locked": {
        "lastModified": 1738607787,
        "narHash": "sha256-jbuJBOfXYQQGmrfZ/CitDrni9tRRp8UZNAjijwz48GQ=",
        "owner": "billy4479",
        "repo": "server-tool",
        "rev": "c980a1ac538a29721864469db0e01aad342aa8bf",
        "type": "github"
      },
      "original": {
        "owner": "billy4479",
        "repo": "server-tool",
        "type": "github"
      }
    },
    "systems": {
      "locked": {
        "lastModified": 1681028828,
        "narHash": "sha256-Vy1rq5AaRuLzOxct8nz4T6wlgyUR7zLU309k9mBC768=",
        "owner": "nix-systems",
        "repo": "default",
        "rev": "da67096a3b9bf56a91d16901293e51ba5b49a27e",
        "type": "github"
      },
      "original": {
        "owner": "nix-systems",
        "repo": "default",
        "type": "github"
      }
    }
  },
  "root": "root",
  "version": 7
}
